
Microsoft Visual Studio Solution File, Format Version 12.00
# Visual Studio 2012
Project("{FAE04EC0-301F-11D3-BF4B-00C04F79EFBC}") = "Blogging.Web", "Blogging.Web\Blogging.Web.csproj", "{DD5EC9A7-2453-4550-9748-FF4E4A79DEFF}"
EndProject
Project("{FAE04EC0-301F-11D3-BF4B-00C04F79EFBC}") = "Blogging.Core", "Blogging.Core\Blogging.Core.csproj", "{A3D86DD2-C4DB-499F-B239-B3C92E3D45B8}"
EndProject
Global
	GlobalSection(SolutionConfigurationPlatforms) = preSolution
		Debug|Any CPU = Debug|Any CPU
		Release|Any CPU = Release|Any CPU
	EndGlobalSection
	GlobalSection(ProjectConfigurationPlatforms) = postSolution
		{DD5EC9A7-2453-4550-9748-FF4E4A79DEFF}.Debug|Any CPU.ActiveCfg = Debug|Any CPU
		{DD5EC9A7-2453-4550-9748-FF4E4A79DEFF}.Debug|Any CPU.Build.0 = Debug|Any CPU
		{DD5EC9A7-2453-4550-9748-FF4E4A79DEFF}.Release|Any CPU.ActiveCfg = Release|Any CPU
		{DD5EC9A7-2453-4550-9748-FF4E4A79DEFF}.Release|Any CPU.Build.0 = Release|Any CPU
		{A3D86DD2-C4DB-499F-B239-B3C92E3D45B8}.Debug|Any CPU.ActiveCfg = Debug|Any CPU
		{A3D86DD2-C4DB-499F-B239-B3C92E3D45B8}.Debug|Any CPU.Build.0 = Debug|Any CPU
		{A3D86DD2-C4DB-499F-B239-B3C92E3D45B8}.Release|Any CPU.ActiveCfg = Release|Any CPU
		{A3D86DD2-C4DB-499F-B239-B3C92E3D45B8}.Release|Any CPU.Build.0 = Release|Any CPU
	EndGlobalSection
	GlobalSection(SolutionProperties) = preSolution
		HideSolutionNode = FALSE
	EndGlobalSection
EndGlobal
